<?xml version="1.0" encoding="utf-8"?>
<Project ToolsVersion="4.0" xmlns="http://schemas.microsoft.com/developer/msbuild/2003">
  <ItemGroup>
    <Filter Include="Server">
      <UniqueIdentifier>{9a510333-9773-4f47-ac68-23cf54570455}</UniqueIdentifier>
    </Filter>
    <Filter Include="Utils">
      <UniqueIdentifier>{99ab8221-5f2a-49b9-b0ac-d745b48e1669}</UniqueIdentifier>
    </Filter>
    <Filter Include="Database">
      <UniqueIdentifier>{bf5cb8f8-91ab-46cb-b39c-f136293a83ad}</UniqueIdentifier>
    </Filter>
    <Filter Include="test">
      <UniqueIdentifier>{5e56521b-c6e5-46c5-b3f3-7c170e20bdce}</UniqueIdentifier>
    </Filter>
    <Filter Include="Protocol">
      <UniqueIdentifier>{30e869ee-8f3f-41dc-9e81-5c2020e0c0be}</UniqueIdentifier>
    </Filter>
    <Filter Include="Actor">
      <UniqueIdentifier>{638008b2-58e8-46b8-9331-85c2518ed6ae}</UniqueIdentifier>
    </Filter>
    <Filter Include="GameObject">
      <UniqueIdentifier>{e3dd6145-6d70-45c7-9fb6-494ebde77b6c}</UniqueIdentifier>
    </Filter>
    <Filter Include="World">
      <UniqueIdentifier>{70476592-46d7-45ad-9480-06b616b315af}</UniqueIdentifier>
    </Filter>
  </ItemGroup>
  <ItemGroup>
    <Text Include="ReadMe.txt" />
  </ItemGroup>
  <ItemGroup>
    <ClInclude Include="GameServer.h">
      <Filter>Server</Filter>
    </ClInclude>
    <ClInclude Include="stdafx.h" />
    <ClInclude Include="targetver.h" />
    <ClInclude Include="Singleton.h">
      <Filter>Utils</Filter>
    </ClInclude>
    <ClInclude Include="MySQL.h">
      <Filter>Database</Filter>
    </ClInclude>
    <ClInclude Include="TestMySQL.h">
      <Filter>test</Filter>
    </ClInclude>
    <ClInclude Include="ServerConfig.h">
      <Filter>Server</Filter>
    </ClInclude>
    <ClInclude Include="game_message_generated.h">
      <Filter>Protocol</Filter>
    </ClInclude>
    <ClInclude Include="GameMessageHelper.h">
      <Filter>Protocol</Filter>
    </ClInclude>
    <ClInclude Include="Vector3.h">
      <Filter>Utils</Filter>
    </ClInclude>
    <ClInclude Include="TypeDef.h" />
    <ClInclude Include="Character.h">
      <Filter>Actor</Filter>
    </ClInclude>
    <ClInclude Include="GameManager.h">
      <Filter>Server</Filter>
    </ClInclude>
    <ClInclude Include="ServerBase.h">
      <Filter>Server</Filter>
    </ClInclude>
    <ClInclude Include="GameUser.h">
      <Filter>Server</Filter>
    </ClInclude>
    <ClInclude Include="World.h">
      <Filter>World</Filter>
    </ClInclude>
    <ClInclude Include="EventHandlers.h">
      <Filter>Server</Filter>
    </ClInclude>
  </ItemGroup>
  <ItemGroup>
    <ClCompile Include="stdafx.cpp" />
    <ClCompile Include="GameServer.cpp">
      <Filter>Server</Filter>
    </ClCompile>
    <ClCompile Include="Vector3.cpp">
      <Filter>Utils</Filter>
    </ClCompile>
    <ClCompile Include="Main.cpp" />
    <ClCompile Include="EventHandlers.cpp">
      <Filter>Server</Filter>
    </ClCompile>
  </ItemGroup>
</Project>