<?xml version="1.0" encoding="utf-8"?>
<Project ToolsVersion="4.0" xmlns="http://schemas.microsoft.com/developer/msbuild/2003">
  <ItemGroup>
    <Filter Include="Server">
      <UniqueIdentifier>{9a510333-9773-4f47-ac68-23cf54570455}</UniqueIdentifier>
    </Filter>
    <Filter Include="Utils">
      <UniqueIdentifier>{99ab8221-5f2a-49b9-b0ac-d745b48e1669}</UniqueIdentifier>
    </Filter>
    <Filter Include="World">
      <UniqueIdentifier>{2f816b43-d5ec-46fa-aec5-4b91a8fd15b9}</UniqueIdentifier>
    </Filter>
    <Filter Include="Message">
      <UniqueIdentifier>{5a171b00-df0c-4a83-ac5f-021e0a656e4e}</UniqueIdentifier>
    </Filter>
    <Filter Include="Account">
      <UniqueIdentifier>{a4a5b7ec-f88d-487c-8c47-4d125f2aea64}</UniqueIdentifier>
    </Filter>
    <Filter Include="Database">
      <UniqueIdentifier>{bf5cb8f8-91ab-46cb-b39c-f136293a83ad}</UniqueIdentifier>
    </Filter>
    <Filter Include="Protocol">
      <UniqueIdentifier>{30e869ee-8f3f-41dc-9e81-5c2020e0c0be}</UniqueIdentifier>
    </Filter>
  </ItemGroup>
  <ItemGroup>
    <Text Include="ReadMe.txt" />
  </ItemGroup>
  <ItemGroup>
    <ClInclude Include="World.h">
      <Filter>World</Filter>
    </ClInclude>
    <ClInclude Include="GameServer.h">
      <Filter>Server</Filter>
    </ClInclude>
    <ClInclude Include="AccountManager.h">
      <Filter>Account</Filter>
    </ClInclude>
    <ClInclude Include="stdafx.h" />
    <ClInclude Include="targetver.h" />
    <ClInclude Include="Singleton.h">
      <Filter>Utils</Filter>
    </ClInclude>
    <ClInclude Include="MySQL.h">
      <Filter>Database</Filter>
    </ClInclude>
    <ClInclude Include="MessageHandlerRegistry.h">
      <Filter>Message</Filter>
    </ClInclude>
    <ClInclude Include="MessageHandlers.h">
      <Filter>Protocol</Filter>
    </ClInclude>
  </ItemGroup>
  <ItemGroup>
    <ClCompile Include="Game.cpp" />
    <ClCompile Include="stdafx.cpp" />
  </ItemGroup>
</Project>