
Microsoft Visual Studio Solution File, Format Version 12.00
# Visual Studio 14
VisualStudioVersion = 14.0.25420.1
MinimumVisualStudioVersion = 10.0.40219.1
Project("{8BC9CEB8-8B4A-11D0-8D11-00A0C91BC942}") = "GisunNet", "GisunNet\GisunNet.vcxproj", "{934A6A3B-0413-48EE-ACA8-0834826E7CBC}"
EndProject
Project("{8BC9CEB8-8B4A-11D0-8D11-00A0C91BC942}") = "EchoServer", "EchoServer\EchoServer.vcxproj", "{C7F934BE-555B-48D7-8E5D-9F142AFB2033}"
EndProject
Project("{8BC9CEB8-8B4A-11D0-8D11-00A0C91BC942}") = "EchoClient", "EchoClient\EchoClient.vcxproj", "{EF512823-5AC1-46F0-B883-A15CEE842F25}"
EndProject
Project("{8BC9CEB8-8B4A-11D0-8D11-00A0C91BC942}") = "GameServer", "Game\Game.vcxproj", "{5AFC3B92-FFB5-4044-B403-0C0013ADDFE4}"
	ProjectSection(ProjectDependencies) = postProject
		{934A6A3B-0413-48EE-ACA8-0834826E7CBC} = {934A6A3B-0413-48EE-ACA8-0834826E7CBC}
	EndProjectSection
EndProject
Global
	GlobalSection(SolutionConfigurationPlatforms) = preSolution
		Debug|x64 = Debug|x64
		Debug|x86 = Debug|x86
		Release|x64 = Release|x64
		Release|x86 = Release|x86
	EndGlobalSection
	GlobalSection(ProjectConfigurationPlatforms) = postSolution
		{934A6A3B-0413-48EE-ACA8-0834826E7CBC}.Debug|x64.ActiveCfg = Debug|x64
		{934A6A3B-0413-48EE-ACA8-0834826E7CBC}.Debug|x64.Build.0 = Debug|x64
		{934A6A3B-0413-48EE-ACA8-0834826E7CBC}.Debug|x86.ActiveCfg = Debug|Win32
		{934A6A3B-0413-48EE-ACA8-0834826E7CBC}.Debug|x86.Build.0 = Debug|Win32
		{934A6A3B-0413-48EE-ACA8-0834826E7CBC}.Release|x64.ActiveCfg = Release|x64
		{934A6A3B-0413-48EE-ACA8-0834826E7CBC}.Release|x64.Build.0 = Release|x64
		{934A6A3B-0413-48EE-ACA8-0834826E7CBC}.Release|x86.ActiveCfg = Release|Win32
		{934A6A3B-0413-48EE-ACA8-0834826E7CBC}.Release|x86.Build.0 = Release|Win32
		{C7F934BE-555B-48D7-8E5D-9F142AFB2033}.Debug|x64.ActiveCfg = Debug|x64
		{C7F934BE-555B-48D7-8E5D-9F142AFB2033}.Debug|x64.Build.0 = Debug|x64
		{C7F934BE-555B-48D7-8E5D-9F142AFB2033}.Debug|x86.ActiveCfg = Debug|Win32
		{C7F934BE-555B-48D7-8E5D-9F142AFB2033}.Debug|x86.Build.0 = Debug|Win32
		{C7F934BE-555B-48D7-8E5D-9F142AFB2033}.Release|x64.ActiveCfg = Release|x64
		{C7F934BE-555B-48D7-8E5D-9F142AFB2033}.Release|x64.Build.0 = Release|x64
		{C7F934BE-555B-48D7-8E5D-9F142AFB2033}.Release|x86.ActiveCfg = Release|Win32
		{C7F934BE-555B-48D7-8E5D-9F142AFB2033}.Release|x86.Build.0 = Release|Win32
		{EF512823-5AC1-46F0-B883-A15CEE842F25}.Debug|x64.ActiveCfg = Debug|x64
		{EF512823-5AC1-46F0-B883-A15CEE842F25}.Debug|x64.Build.0 = Debug|x64
		{EF512823-5AC1-46F0-B883-A15CEE842F25}.Debug|x86.ActiveCfg = Debug|Win32
		{EF512823-5AC1-46F0-B883-A15CEE842F25}.Debug|x86.Build.0 = Debug|Win32
		{EF512823-5AC1-46F0-B883-A15CEE842F25}.Release|x64.ActiveCfg = Release|x64
		{EF512823-5AC1-46F0-B883-A15CEE842F25}.Release|x64.Build.0 = Release|x64
		{EF512823-5AC1-46F0-B883-A15CEE842F25}.Release|x86.ActiveCfg = Release|Win32
		{EF512823-5AC1-46F0-B883-A15CEE842F25}.Release|x86.Build.0 = Release|Win32
		{5AFC3B92-FFB5-4044-B403-0C0013ADDFE4}.Debug|x64.ActiveCfg = Debug|x64
		{5AFC3B92-FFB5-4044-B403-0C0013ADDFE4}.Debug|x64.Build.0 = Debug|x64
		{5AFC3B92-FFB5-4044-B403-0C0013ADDFE4}.Debug|x86.ActiveCfg = Debug|Win32
		{5AFC3B92-FFB5-4044-B403-0C0013ADDFE4}.Debug|x86.Build.0 = Debug|Win32
		{5AFC3B92-FFB5-4044-B403-0C0013ADDFE4}.Release|x64.ActiveCfg = Release|x64
		{5AFC3B92-FFB5-4044-B403-0C0013ADDFE4}.Release|x64.Build.0 = Release|x64
		{5AFC3B92-FFB5-4044-B403-0C0013ADDFE4}.Release|x86.ActiveCfg = Release|Win32
		{5AFC3B92-FFB5-4044-B403-0C0013ADDFE4}.Release|x86.Build.0 = Release|Win32
	EndGlobalSection
	GlobalSection(SolutionProperties) = preSolution
		HideSolutionNode = FALSE
	EndGlobalSection
EndGlobal
